
Microsoft Visual Studio Solution File, Format Version 12.00
# Visual Studio Version 17
VisualStudioVersion = 17.3.32922.545
MinimumVisualStudioVersion = 10.0.40219.1
Project("{FAE04EC0-301F-11D3-BF4B-00C04F79EFBC}") = "Student_Pairing_Application", "Student_Pairing_Application.csproj", "{DEC0FDE1-73FA-41AA-A82C-218C845613BE}"
EndProject
Global
	GlobalSection(SolutionConfigurationPlatforms) = preSolution
		Debug|Any CPU = Debug|Any CPU
		Release|Any CPU = Release|Any CPU
	EndGlobalSection
	GlobalSection(ProjectConfigurationPlatforms) = postSolution
		{DEC0FDE1-73FA-41AA-A82C-218C845613BE}.Debug|Any CPU.ActiveCfg = Debug|Any CPU
		{DEC0FDE1-73FA-41AA-A82C-218C845613BE}.Debug|Any CPU.Build.0 = Debug|Any CPU
		{DEC0FDE1-73FA-41AA-A82C-218C845613BE}.Release|Any CPU.ActiveCfg = Release|Any CPU
		{DEC0FDE1-73FA-41AA-A82C-218C845613BE}.Release|Any CPU.Build.0 = Release|Any CPU
	EndGlobalSection
	GlobalSection(SolutionProperties) = preSolution
		HideSolutionNode = FALSE
	EndGlobalSection
	GlobalSection(ExtensibilityGlobals) = postSolution
		SolutionGuid = {30BC7DB1-A5F4-4053-9B81-CD9FB1D73424}
	EndGlobalSection
EndGlobal
